
Microsoft Visual Studio Solution File, Format Version 12.00
# Visual Studio 15
VisualStudioVersion = 15.0.27703.2026
MinimumVisualStudioVersion = 10.0.40219.1
Project("{F184B08F-C81C-45F6-A57F-5ABD9991F28F}") = "3DS FILE BACKUP", "3DS FILE BACKUP\3DS FILE BACKUP.vbproj", "{BF83E6CA-FC6B-40E5-A5F2-B88A99CC6FD2}"
EndProject
Global
	GlobalSection(SolutionConfigurationPlatforms) = preSolution
		Debug|x86 = Debug|x86
		Release|x86 = Release|x86
	EndGlobalSection
	GlobalSection(ProjectConfigurationPlatforms) = postSolution
		{BF83E6CA-FC6B-40E5-A5F2-B88A99CC6FD2}.Debug|x86.ActiveCfg = Debug|x86
		{BF83E6CA-FC6B-40E5-A5F2-B88A99CC6FD2}.Debug|x86.Build.0 = Debug|x86
		{BF83E6CA-FC6B-40E5-A5F2-B88A99CC6FD2}.Release|x86.ActiveCfg = Release|x86
		{BF83E6CA-FC6B-40E5-A5F2-B88A99CC6FD2}.Release|x86.Build.0 = Release|x86
	EndGlobalSection
	GlobalSection(SolutionProperties) = preSolution
		HideSolutionNode = FALSE
	EndGlobalSection
	GlobalSection(ExtensibilityGlobals) = postSolution
		SolutionGuid = {5BDEBEC1-151E-44EA-B1FB-9660F7D580D9}
	EndGlobalSection
EndGlobal
